{
    "_meta": {
        "hash": {
            "sha256": "5859c7fb74d9e2130dee80a30485bd011b25e54bcea0d4e6aaaf6727051c3b9f"
        },
        "pipfile-spec": 6,
        "requires": {},
        "sources": [
            {
                "name": "pypi",
                "url": "https://pypi.python.org/simple",
                "verify_ssl": true
            }
        ]
    },
    "default": {
        "blinker": {
            "hashes": [
                "sha256:471aee25f3992bd325afa3772f1063dbdbbca947a041b8b89466dc00d606f8b6"
            ],
            "version": "==1.4"
        },
        "cachetools": {
            "hashes": [
                "sha256:90f1d559512fc073483fe573ef5ceb39bf6ad3d39edc98dc55178a2b2b176fa3",
                "sha256:d1c398969c478d336f767ba02040fa22617333293fb0b8968e79b16028dfee35"
            ],
            "version": "==2.1.0"
        },
        "certifi": {
            "hashes": [
                "sha256:13e698f54293db9f89122b0581843a782ad0934a4fe0172d2a980ba77fc61bb7",
                "sha256:9fa520c1bacfb634fa7af20a76bcbd3d5fb390481724c597da32c719a7dca4b0"
            ],
            "version": "==2018.4.16"
        },
        "chardet": {
            "hashes": [
                "sha256:84ab92ed1c4d4f16916e05906b6b75a6c0fb5db821cc65e70cbd64a3e2a5eaae",
                "sha256:fc323ffcaeaed0e0a02bf4d117757b98aed530d9ed4531e3e15460124c106691"
            ],
            "version": "==3.0.4"
        },
        "click": {
            "hashes": [
                "sha256:29f99fc6125fbc931b758dc053b3114e55c77a6e4c6c3a2674a2dc986016381d",
                "sha256:f15516df478d5a56180fbf80e68f206010e6d160fc39fa508b65e035fd75130b"
            ],
            "version": "==6.7"
        },
        "e1839a8": {
            "editable": true,
            "path": "."
        },
        "flask": {
            "hashes": [
                "sha256:2271c0070dbcb5275fad4a82e29f23ab92682dc45f9dfbc22c02ba9b9322ce48",
                "sha256:a080b744b7e345ccfcbc77954861cb05b3c63786e93f2b3875e0913d44b43f05"
            ],
            "index": "pypi",
            "version": "==1.0.2"
        },
        "flask-mail": {
            "hashes": [
                "sha256:22e5eb9a940bf407bcf30410ecc3708f3c56cc44b29c34e1726fe85006935f41"
            ],
            "index": "pypi",
            "version": "==0.9.1"
        },
        "google-api-python-client": {
            "hashes": [
                "sha256:876b974612c6d9b5de348079b706500bd170e7fdab30b9a4b72758d129cd64dc",
                "sha256:e32d30563b90c4f88ff042d4d891b5e8ed1f6cdca0adab95e9c2ce2603087436"
            ],
            "version": "==1.7.3"
        },
        "google-auth": {
            "hashes": [
                "sha256:1745c9066f698eac3da99cef082914495fb71bc09597ba7626efbbb64c4acc57",
                "sha256:82a34e1a59ad35f01484d283d2a36b7a24c8c404a03a71b3afddd0a4d31e169f"
            ],
            "version": "==1.5.0"
        },
        "google-auth-httplib2": {
            "hashes": [
                "sha256:098fade613c25b4527b2c08fa42d11f3c2037dda8995d86de0745228e965d445",
                "sha256:f1c437842155680cf9918df9bc51c1182fda41feef88c34004bd1978c8157e08"
            ],
            "version": "==0.0.3"
        },
        "httplib2": {
            "hashes": [
                "sha256:e71daed9a0e6373642db61166fa70beecc9bf04383477f84671348c02a04cbdf"
            ],
            "version": "==0.11.3"
        },
        "idna": {
            "hashes": [
                "sha256:156a6814fb5ac1fc6850fb002e0852d56c0c8d2531923a51032d1b70760e186e",
                "sha256:684a38a6f903c1d71d6d5fac066b58d7768af4de2b832e426ec79c30daa94a16"
            ],
            "version": "==2.7"
        },
        "itsdangerous": {
            "hashes": [
                "sha256:cbb3fcf8d3e33df861709ecaf89d9e6629cff0a217bc2848f1b41cd30d360519"
            ],
            "version": "==0.24"
        },
        "jinja2": {
            "hashes": [
                "sha256:74c935a1b8bb9a3947c50a54766a969d4846290e1e788ea44c1392163723c3bd",
                "sha256:f84be1bb0040caca4cea721fcbbbbd61f9be9464ca236387158b0feea01914a4"
            ],
            "version": "==2.10"
        },
        "markupsafe": {
            "hashes": [
                "sha256:a6be69091dac236ea9c6bc7d012beab42010fa914c459791d627dad4910eb665"
            ],
            "version": "==1.0"
        },
        "mcgpyutils": {
            "hashes": [
                "sha256:11065fecda16bf51cf4474da0ec91531ebd888ca6965bd8258583a0ded07c765",
                "sha256:4ca277c72b79d3a7cde0a29b873aa474246f3352e934aa58293f419d20def8ea"
            ],
            "index": "pypi",
            "version": "==1.0.5"
        },
        "pyasn1": {
            "hashes": [
                "sha256:2f57960dc7a2820ea5a1782b872d974b639aa3b448ac6628d1ecc5d0fe3986f2",
                "sha256:3651774ca1c9726307560792877db747ba5e8a844ea1a41feb7670b319800ab3",
                "sha256:602fda674355b4701acd7741b2be5ac188056594bf1eecf690816d944e52905e",
                "sha256:8fb265066eac1d3bb5015c6988981b009ccefd294008ff7973ed5f64335b0f2d",
                "sha256:9334cb427609d2b1e195bb1e251f99636f817d7e3e1dffa150cb3365188fb992",
                "sha256:9a15cc13ff6bf5ed29ac936ca941400be050dff19630d6cd1df3fb978ef4c5ad",
                "sha256:a66dcda18dbf6e4663bde70eb30af3fc4fe1acb2d14c4867a861681887a5f9a2",
                "sha256:ba77f1e8d7d58abc42bfeddd217b545fdab4c1eeb50fd37c2219810ad56303bf",
                "sha256:cdc8eb2eaafb56de66786afa6809cd9db2df1b3b595dcb25aa5b9dc61189d40a",
                "sha256:d01fbba900c80b42af5c3fe1a999acf61e27bf0e452e0f1ef4619065e57622da",
                "sha256:f281bf11fe204f05859225ec2e9da7a7c140b65deccd8a4eb0bc75d0bd6949e0",
                "sha256:fb81622d8f3509f0026b0683fe90fea27be7284d3826a5f2edf97f69151ab0fc"
            ],
            "version": "==0.4.3"
        },
        "pyasn1-modules": {
            "hashes": [
                "sha256:041e9fbafac548d095f5b6c3b328b80792f006196e15a232b731a83c93d59493",
                "sha256:0cdca76a68dcb701fff58c397de0ef9922b472b1cb3ea9695ca19d03f1869787",
                "sha256:0cea139045c38f84abaa803bcb4b5e8775ea12a42af10019d942f227acc426c3",
                "sha256:0f2e50d20bc670be170966638fa0ae603f0bc9ed6ebe8e97a6d1d4cef30cc889",
                "sha256:47fb6757ab78fe966e7c58b2030b546854f78416d653163f0ce9290cf2278e8b",
                "sha256:598a6004ec26a8ab40a39ea955068cf2a3949ad9c0030da970f2e1ca4c9f1cc9",
                "sha256:72fd8b0c11191da088147c6e4678ec53e573923ecf60b57eeac9e97433e09fc2",
                "sha256:854700bbdd01394e2ada9c1bfbd0ed9f5d0c551350dbbd023e88b11d2771ae06",
                "sha256:af00ea8f2022b6287dc375b2c70f31ab5af83989fc6fe9eacd4976ce26cd7ccc",
                "sha256:b1f395cae2d669e0830cb023aa86f9f283b7a9aa32317d7f80d8e78aa2745812",
                "sha256:c6747146e95d2b14cc2a8399b2b0bde3f93778f8f9ec704690d2b589c376c137",
                "sha256:f53fe5bcebdf318f51399b250fe8325ef3a26d927f012cc0c8e0f9e9af7f9deb"
            ],
            "version": "==0.2.1"
        },
        "pymongo": {
            "hashes": [
                "sha256:051770590ddbd5fb7db17d3315d4c1b0f18039d830dd18e1bae39451c30d31cd",
                "sha256:061085dfe4fbf1d9d6ed2f2e52fe6ab72559e48b4294370b433751638160d10b",
                "sha256:07fdee1c5567f237796a8550233e04853785d8dcf95929f96ab519ed91543109",
                "sha256:0d98731aaea8cb32b535c376f6785927e4e3d9459ffe1440b8a639827a849350",
                "sha256:10f683950f70626ccedf4a662d1c0b3244e8e013c2067872af5633830abd1bfd",
                "sha256:192ee5e33821931f4ec6df5fff4361220c0c92bb5b7437c6db52e20a0c9b4d98",
                "sha256:2954b99cfeb76776879e9f8a4cae9c5e19d5eff92d0b7b663ceddcf192adb66b",
                "sha256:36a992e02fced328de5304145dc3729a8cea12e58ad34b842a6f46d7941c9fc7",
                "sha256:419ed5d5b76ef304815f354d9df7f2085acfd6ff7cc1b714ca702e2239b341c2",
                "sha256:42ec201fd9a26e7c1e611e3db19324dead51dd4646391492eb238b41749340e8",
                "sha256:4400fa92af310bf66b76c313c7ded3bb63f3d63b4f43c3bfbff552cf294dc9fa",
                "sha256:44abdc26989600bb03b62d57616ec7c1b9182290720167c39e38c3a2b0d44e44",
                "sha256:45fb9f589c0f35436dbe391c53a387ffffa8d086b8521a86fca4f3e1d0edbf71",
                "sha256:4807dfbb5cdcfe0224329992dc48b897c780d0ad7553c3799d34f84ba5cab446",
                "sha256:54daf67e1e7e7e5a5160c86123bdd39b1d3b25876c2ab38230dc2a764cb3d98f",
                "sha256:5f2814a9492a724fd77c90ffc01f810276ef9972ae02587bfaae40835f9b8407",
                "sha256:5fd6ce5ed3c6c92d2c94756e6bf041304e5c7c5a5dbea31b8957d52a78bdf01d",
                "sha256:601e00fe7fb283f04c95f5dafb787c0862f48ca015a6f1f81b460c74e4303873",
                "sha256:63a47a97b5cb4c67c86552b15e08df12ff026a648211120adf5ebe00453e85e9",
                "sha256:6c4459d5c2b45ba55e14360e03078426015c1b0881facaec51bd9bd9e2304cec",
                "sha256:7fbd9233e8b6741b047c5857e2ad5efb74091f167d7fa8a2a3379217165058f9",
                "sha256:7ffac35362c07c103b024b89875e8d7f0625129b65c56fa8a3ecebbd56110405",
                "sha256:833bc6cb2ec7058dea9f5840a9314ac74738d2117486a044e88f3976e37ea7a0",
                "sha256:92cb26a2a9b38e8df5215803f950b20a6c847d5e00d1dd125eaa84f05f9472d7",
                "sha256:97d6a218c4ad4f8fdde0143776d5224e884cbcfe631e7446379fa1790d8cf04f",
                "sha256:9e5f0e8967d95a256038817460844a8aab588b9bc9ba6296507a1863960a0e44",
                "sha256:9e6db7ff63fb836d56e62216e10e868c23a99f3cb02875411eb2cb787acf58c7",
                "sha256:a0a695eef38c15570f6da3b4900e1a1d85fa92c754177d5f05267b49da79c92b",
                "sha256:aa46076524471729430afacca3dd8ad4578878eca6fc9e2b593a0b381b5bbeb7",
                "sha256:abf83b908e535b1386a7732825994e6e36eff6394c1829f3e7a23888136484fa",
                "sha256:adb2dba52c8a2a2d7bcd3b267f7bbf7c822850cf6a7cd15211b9f386c3a670ef",
                "sha256:ae7b3479822a03f6f651913de84ba67101f23e051ae88034085e974f472dcfff",
                "sha256:c596af57286ef28cae7a48e3070d222f96f5f0eab76ad39d680ae6b9bbc957c7",
                "sha256:cc15b30f0ac518e6cbd4b6e6e6162f8aa14edfe255d0841146f146151bd58865",
                "sha256:d23498d62063b715078947bef48fa4d34dc354f3b268ed15dc6b46fc809a88e9",
                "sha256:dd29bb5bc9068ccc248c8c145efd839421f04363b468b47cfa2d4902ca369afe",
                "sha256:e2745dd408a26d4517702d1686afc8e1e1638d2167e857c684f912192cc00dcf",
                "sha256:e53ad0cc6c489f83e7f6bb6121aa73bb6f6488410024a3bd77c16af1aa3a1000",
                "sha256:ecb11113407d919f8714cc7d0841985044633d0b561ef3d797e1b494a3e73537",
                "sha256:ece2c2add66d3ec2720a963bf073ca11fc3b0b58159767fc3bc5ddaad791d481",
                "sha256:ef25c8675f5c8c19832f69cd97d728d99bb4ab9c3b200e28a5c8416631afaf3c",
                "sha256:f62a818d643776873713c5676f17bd95ac4176220b13dd12c14edd3a450d1ac9",
                "sha256:f7ebcb846962ee40374db2d9014a89bea9c983ae63c1877957c3a0a756974796"
            ],
            "index": "pypi",
            "version": "==3.6.1"
        },
        "requests": {
            "hashes": [
                "sha256:63b52e3c866428a224f97cab011de738c36aec0185aa91cfacd418b5d58911d1",
                "sha256:ec22d826a36ed72a7358ff3fe56cbd4ba69dd7a6718ffd450ff0e9df7a47ce6a"
            ],
            "version": "==2.19.1"
        },
        "rsa": {
            "hashes": [
                "sha256:25df4e10c263fb88b5ace923dd84bf9aa7f5019687b5e55382ffcdb8bede9db5",
                "sha256:43f682fea81c452c98d09fc316aae12de6d30c4b5c84226642cf8f8fd1c93abd"
            ],
            "version": "==3.4.2"
        },
        "six": {
            "hashes": [
                "sha256:70e8a77beed4562e7f14fe23a786b54f6296e34344c23bc42f07b15018ff98e9",
                "sha256:832dc0e10feb1aa2c68dcc57dbb658f1c7e65b9b61af69048abc87a2db00a0eb"
            ],
            "version": "==1.11.0"
        },
        "slacker": {
            "hashes": [
                "sha256:646d8fb2ca04858374da1b54e9818f88dc2b254deb0f74bf0f3911773e7eaf94"
            ],
            "version": "==0.9.65"
        },
        "uritemplate": {
            "hashes": [
                "sha256:01c69f4fe8ed503b2951bef85d996a9d22434d2431584b5b107b2981ff416fbd",
                "sha256:1b9c467a940ce9fb9f50df819e8ddd14696f89b9a8cc87ac77952ba416e0a8fd",
                "sha256:c02643cebe23fc8adb5e6becffe201185bf06c40bda5c0b4028a93f1527d011d"
            ],
            "version": "==3.0.0"
        },
        "urllib3": {
            "hashes": [
                "sha256:a68ac5e15e76e7e5dd2b8f94007233e01effe3e50e8daddf69acfd81cb686baf",
                "sha256:b5725a0bd4ba422ab0e66e89e030c806576753ea3ee08554382c14e685d117b5"
            ],
            "version": "==1.23"
        },
        "werkzeug": {
            "hashes": [
                "sha256:c3fd7a7d41976d9f44db327260e263132466836cef6f91512889ed60ad26557c",
                "sha256:d5da73735293558eb1651ee2fddc4d0dedcfa06538b8813a2e20011583c9e49b"
            ],
            "version": "==0.14.1"
        }
    },
    "develop": {}
}
